
Microsoft Visual Studio Solution File, Format Version 12.00
# Visual Studio Version 16
VisualStudioVersion = 16.0.30503.244
MinimumVisualStudioVersion = 10.0.40219.1
Project("{9A19103F-16F7-4668-BE54-9A1E7A4F7556}") = "MuEmu", "MuEmu\MuEmu.csproj", "{D046CA88-891A-4BC6-B6F1-BB439A93E56C}"
EndProject
Project("{9A19103F-16F7-4668-BE54-9A1E7A4F7556}") = "WebZen", "SimpleModulus\WebZen.csproj", "{2FF3DB8F-53BE-4AE0-A690-46FBB31F440B}"
EndProject
Project("{9A19103F-16F7-4668-BE54-9A1E7A4F7556}") = "MU.DataBase", "WebZen.DataBase\MU.DataBase.csproj", "{C42AADD9-A3C4-49F3-8D59-AB0D1D2AF03A}"
EndProject
Project("{9A19103F-16F7-4668-BE54-9A1E7A4F7556}") = "CSEmu", "CSEmu\CSEmu.csproj", "{E4D29DEE-EF16-46DE-A2BE-29AE9D4519B6}"
EndProject
Project("{FAE04EC0-301F-11D3-BF4B-00C04F79EFBC}") = "PacketHelper", "PacketHelper\PacketHelper.csproj", "{620A79E7-CCEC-40D0-8456-68842E33904F}"
EndProject
Project("{8BC9CEB8-8B4A-11D0-8D11-00A0C91BC942}") = "MU.Connector", "MU.Connector\MU.Connector.vcxproj", "{6CE350D7-57C1-45A4-A936-FF3DF9038BD8}"
EndProject
Global
	GlobalSection(SolutionConfigurationPlatforms) = preSolution
		Debug|Any CPU = Debug|Any CPU
		Debug|Win32 = Debug|Win32
		Debug|x64 = Debug|x64
		DebugRelease|Any CPU = DebugRelease|Any CPU
		DebugRelease|Win32 = DebugRelease|Win32
		DebugRelease|x64 = DebugRelease|x64
		Release|Any CPU = Release|Any CPU
		Release|Win32 = Release|Win32
		Release|x64 = Release|x64
	EndGlobalSection
	GlobalSection(ProjectConfigurationPlatforms) = postSolution
		{D046CA88-891A-4BC6-B6F1-BB439A93E56C}.Debug|Any CPU.ActiveCfg = Debug|Any CPU
		{D046CA88-891A-4BC6-B6F1-BB439A93E56C}.Debug|Any CPU.Build.0 = Debug|Any CPU
		{D046CA88-891A-4BC6-B6F1-BB439A93E56C}.Debug|Win32.ActiveCfg = Debug|Any CPU
		{D046CA88-891A-4BC6-B6F1-BB439A93E56C}.Debug|Win32.Build.0 = Debug|Any CPU
		{D046CA88-891A-4BC6-B6F1-BB439A93E56C}.Debug|x64.ActiveCfg = Debug|Any CPU
		{D046CA88-891A-4BC6-B6F1-BB439A93E56C}.Debug|x64.Build.0 = Debug|Any CPU
		{D046CA88-891A-4BC6-B6F1-BB439A93E56C}.DebugRelease|Any CPU.ActiveCfg = Release|Any CPU
		{D046CA88-891A-4BC6-B6F1-BB439A93E56C}.DebugRelease|Any CPU.Build.0 = Release|Any CPU
		{D046CA88-891A-4BC6-B6F1-BB439A93E56C}.DebugRelease|Win32.ActiveCfg = Release|Any CPU
		{D046CA88-891A-4BC6-B6F1-BB439A93E56C}.DebugRelease|Win32.Build.0 = Release|Any CPU
		{D046CA88-891A-4BC6-B6F1-BB439A93E56C}.DebugRelease|x64.ActiveCfg = Release|Any CPU
		{D046CA88-891A-4BC6-B6F1-BB439A93E56C}.DebugRelease|x64.Build.0 = Release|Any CPU
		{D046CA88-891A-4BC6-B6F1-BB439A93E56C}.Release|Any CPU.ActiveCfg = Release|Any CPU
		{D046CA88-891A-4BC6-B6F1-BB439A93E56C}.Release|Any CPU.Build.0 = Release|Any CPU
		{D046CA88-891A-4BC6-B6F1-BB439A93E56C}.Release|Win32.ActiveCfg = Release|Any CPU
		{D046CA88-891A-4BC6-B6F1-BB439A93E56C}.Release|Win32.Build.0 = Release|Any CPU
		{D046CA88-891A-4BC6-B6F1-BB439A93E56C}.Release|x64.ActiveCfg = Release|Any CPU
		{D046CA88-891A-4BC6-B6F1-BB439A93E56C}.Release|x64.Build.0 = Release|Any CPU
		{2FF3DB8F-53BE-4AE0-A690-46FBB31F440B}.Debug|Any CPU.ActiveCfg = Debug|Any CPU
		{2FF3DB8F-53BE-4AE0-A690-46FBB31F440B}.Debug|Any CPU.Build.0 = Debug|Any CPU
		{2FF3DB8F-53BE-4AE0-A690-46FBB31F440B}.Debug|Win32.ActiveCfg = Debug|Any CPU
		{2FF3DB8F-53BE-4AE0-A690-46FBB31F440B}.Debug|Win32.Build.0 = Debug|Any CPU
		{2FF3DB8F-53BE-4AE0-A690-46FBB31F440B}.Debug|x64.ActiveCfg = Debug|Any CPU
		{2FF3DB8F-53BE-4AE0-A690-46FBB31F440B}.Debug|x64.Build.0 = Debug|Any CPU
		{2FF3DB8F-53BE-4AE0-A690-46FBB31F440B}.DebugRelease|Any CPU.ActiveCfg = Release|Any CPU
		{2FF3DB8F-53BE-4AE0-A690-46FBB31F440B}.DebugRelease|Any CPU.Build.0 = Release|Any CPU
		{2FF3DB8F-53BE-4AE0-A690-46FBB31F440B}.DebugRelease|Win32.ActiveCfg = Release|Any CPU
		{2FF3DB8F-53BE-4AE0-A690-46FBB31F440B}.DebugRelease|Win32.Build.0 = Release|Any CPU
		{2FF3DB8F-53BE-4AE0-A690-46FBB31F440B}.DebugRelease|x64.ActiveCfg = Release|Any CPU
		{2FF3DB8F-53BE-4AE0-A690-46FBB31F440B}.DebugRelease|x64.Build.0 = Release|Any CPU
		{2FF3DB8F-53BE-4AE0-A690-46FBB31F440B}.Release|Any CPU.ActiveCfg = Release|Any CPU
		{2FF3DB8F-53BE-4AE0-A690-46FBB31F440B}.Release|Any CPU.Build.0 = Release|Any CPU
		{2FF3DB8F-53BE-4AE0-A690-46FBB31F440B}.Release|Win32.ActiveCfg = Release|Any CPU
		{2FF3DB8F-53BE-4AE0-A690-46FBB31F440B}.Release|Win32.Build.0 = Release|Any CPU
		{2FF3DB8F-53BE-4AE0-A690-46FBB31F440B}.Release|x64.ActiveCfg = Release|Any CPU
		{2FF3DB8F-53BE-4AE0-A690-46FBB31F440B}.Release|x64.Build.0 = Release|Any CPU
		{C42AADD9-A3C4-49F3-8D59-AB0D1D2AF03A}.Debug|Any CPU.ActiveCfg = Debug|Any CPU
		{C42AADD9-A3C4-49F3-8D59-AB0D1D2AF03A}.Debug|Any CPU.Build.0 = Debug|Any CPU
		{C42AADD9-A3C4-49F3-8D59-AB0D1D2AF03A}.Debug|Win32.ActiveCfg = Debug|Any CPU
		{C42AADD9-A3C4-49F3-8D59-AB0D1D2AF03A}.Debug|Win32.Build.0 = Debug|Any CPU
		{C42AADD9-A3C4-49F3-8D59-AB0D1D2AF03A}.Debug|x64.ActiveCfg = Debug|Any CPU
		{C42AADD9-A3C4-49F3-8D59-AB0D1D2AF03A}.Debug|x64.Build.0 = Debug|Any CPU
		{C42AADD9-A3C4-49F3-8D59-AB0D1D2AF03A}.DebugRelease|Any CPU.ActiveCfg = Release|Any CPU
		{C42AADD9-A3C4-49F3-8D59-AB0D1D2AF03A}.DebugRelease|Any CPU.Build.0 = Release|Any CPU
		{C42AADD9-A3C4-49F3-8D59-AB0D1D2AF03A}.DebugRelease|Win32.ActiveCfg = Release|Any CPU
		{C42AADD9-A3C4-49F3-8D59-AB0D1D2AF03A}.DebugRelease|Win32.Build.0 = Release|Any CPU
		{C42AADD9-A3C4-49F3-8D59-AB0D1D2AF03A}.DebugRelease|x64.ActiveCfg = Release|Any CPU
		{C42AADD9-A3C4-49F3-8D59-AB0D1D2AF03A}.DebugRelease|x64.Build.0 = Release|Any CPU
		{C42AADD9-A3C4-49F3-8D59-AB0D1D2AF03A}.Release|Any CPU.ActiveCfg = Release|Any CPU
		{C42AADD9-A3C4-49F3-8D59-AB0D1D2AF03A}.Release|Any CPU.Build.0 = Release|Any CPU
		{C42AADD9-A3C4-49F3-8D59-AB0D1D2AF03A}.Release|Win32.ActiveCfg = Release|Any CPU
		{C42AADD9-A3C4-49F3-8D59-AB0D1D2AF03A}.Release|Win32.Build.0 = Release|Any CPU
		{C42AADD9-A3C4-49F3-8D59-AB0D1D2AF03A}.Release|x64.ActiveCfg = Release|Any CPU
		{C42AADD9-A3C4-49F3-8D59-AB0D1D2AF03A}.Release|x64.Build.0 = Release|Any CPU
		{E4D29DEE-EF16-46DE-A2BE-29AE9D4519B6}.Debug|Any CPU.ActiveCfg = Debug|Any CPU
		{E4D29DEE-EF16-46DE-A2BE-29AE9D4519B6}.Debug|Any CPU.Build.0 = Debug|Any CPU
		{E4D29DEE-EF16-46DE-A2BE-29AE9D4519B6}.Debug|Win32.ActiveCfg = Debug|Any CPU
		{E4D29DEE-EF16-46DE-A2BE-29AE9D4519B6}.Debug|Win32.Build.0 = Debug|Any CPU
		{E4D29DEE-EF16-46DE-A2BE-29AE9D4519B6}.Debug|x64.ActiveCfg = Debug|Any CPU
		{E4D29DEE-EF16-46DE-A2BE-29AE9D4519B6}.Debug|x64.Build.0 = Debug|Any CPU
		{E4D29DEE-EF16-46DE-A2BE-29AE9D4519B6}.DebugRelease|Any CPU.ActiveCfg = Release|Any CPU
		{E4D29DEE-EF16-46DE-A2BE-29AE9D4519B6}.DebugRelease|Any CPU.Build.0 = Release|Any CPU
		{E4D29DEE-EF16-46DE-A2BE-29AE9D4519B6}.DebugRelease|Win32.ActiveCfg = Release|Any CPU
		{E4D29DEE-EF16-46DE-A2BE-29AE9D4519B6}.DebugRelease|Win32.Build.0 = Release|Any CPU
		{E4D29DEE-EF16-46DE-A2BE-29AE9D4519B6}.DebugRelease|x64.ActiveCfg = Release|Any CPU
		{E4D29DEE-EF16-46DE-A2BE-29AE9D4519B6}.DebugRelease|x64.Build.0 = Release|Any CPU
		{E4D29DEE-EF16-46DE-A2BE-29AE9D4519B6}.Release|Any CPU.ActiveCfg = Release|Any CPU
		{E4D29DEE-EF16-46DE-A2BE-29AE9D4519B6}.Release|Any CPU.Build.0 = Release|Any CPU
		{E4D29DEE-EF16-46DE-A2BE-29AE9D4519B6}.Release|Win32.ActiveCfg = Release|Any CPU
		{E4D29DEE-EF16-46DE-A2BE-29AE9D4519B6}.Release|Win32.Build.0 = Release|Any CPU
		{E4D29DEE-EF16-46DE-A2BE-29AE9D4519B6}.Release|x64.ActiveCfg = Release|Any CPU
		{E4D29DEE-EF16-46DE-A2BE-29AE9D4519B6}.Release|x64.Build.0 = Release|Any CPU
		{620A79E7-CCEC-40D0-8456-68842E33904F}.Debug|Any CPU.ActiveCfg = Debug|Any CPU
		{620A79E7-CCEC-40D0-8456-68842E33904F}.Debug|Any CPU.Build.0 = Debug|Any CPU
		{620A79E7-CCEC-40D0-8456-68842E33904F}.Debug|Win32.ActiveCfg = Debug|Any CPU
		{620A79E7-CCEC-40D0-8456-68842E33904F}.Debug|Win32.Build.0 = Debug|Any CPU
		{620A79E7-CCEC-40D0-8456-68842E33904F}.Debug|x64.ActiveCfg = Debug|Any CPU
		{620A79E7-CCEC-40D0-8456-68842E33904F}.Debug|x64.Build.0 = Debug|Any CPU
		{620A79E7-CCEC-40D0-8456-68842E33904F}.DebugRelease|Any CPU.ActiveCfg = Release|Any CPU
		{620A79E7-CCEC-40D0-8456-68842E33904F}.DebugRelease|Any CPU.Build.0 = Release|Any CPU
		{620A79E7-CCEC-40D0-8456-68842E33904F}.DebugRelease|Win32.ActiveCfg = Release|Any CPU
		{620A79E7-CCEC-40D0-8456-68842E33904F}.DebugRelease|Win32.Build.0 = Release|Any CPU
		{620A79E7-CCEC-40D0-8456-68842E33904F}.DebugRelease|x64.ActiveCfg = Release|Any CPU
		{620A79E7-CCEC-40D0-8456-68842E33904F}.DebugRelease|x64.Build.0 = Release|Any CPU
		{620A79E7-CCEC-40D0-8456-68842E33904F}.Release|Any CPU.ActiveCfg = Release|Any CPU
		{620A79E7-CCEC-40D0-8456-68842E33904F}.Release|Any CPU.Build.0 = Release|Any CPU
		{620A79E7-CCEC-40D0-8456-68842E33904F}.Release|Win32.ActiveCfg = Release|Any CPU
		{620A79E7-CCEC-40D0-8456-68842E33904F}.Release|Win32.Build.0 = Release|Any CPU
		{620A79E7-CCEC-40D0-8456-68842E33904F}.Release|x64.ActiveCfg = Release|Any CPU
		{620A79E7-CCEC-40D0-8456-68842E33904F}.Release|x64.Build.0 = Release|Any CPU
		{6CE350D7-57C1-45A4-A936-FF3DF9038BD8}.Debug|Any CPU.ActiveCfg = Debug|Win32
		{6CE350D7-57C1-45A4-A936-FF3DF9038BD8}.Debug|Win32.ActiveCfg = Release|Win32
		{6CE350D7-57C1-45A4-A936-FF3DF9038BD8}.Debug|Win32.Build.0 = Release|Win32
		{6CE350D7-57C1-45A4-A936-FF3DF9038BD8}.Debug|x64.ActiveCfg = Debug|x64
		{6CE350D7-57C1-45A4-A936-FF3DF9038BD8}.Debug|x64.Build.0 = Debug|x64
		{6CE350D7-57C1-45A4-A936-FF3DF9038BD8}.DebugRelease|Any CPU.ActiveCfg = Debug|Win32
		{6CE350D7-57C1-45A4-A936-FF3DF9038BD8}.DebugRelease|Any CPU.Build.0 = Debug|Win32
		{6CE350D7-57C1-45A4-A936-FF3DF9038BD8}.DebugRelease|Win32.ActiveCfg = Release|Win32
		{6CE350D7-57C1-45A4-A936-FF3DF9038BD8}.DebugRelease|Win32.Build.0 = Release|Win32
		{6CE350D7-57C1-45A4-A936-FF3DF9038BD8}.DebugRelease|x64.ActiveCfg = Release|x64
		{6CE350D7-57C1-45A4-A936-FF3DF9038BD8}.DebugRelease|x64.Build.0 = Release|x64
		{6CE350D7-57C1-45A4-A936-FF3DF9038BD8}.Release|Any CPU.ActiveCfg = Release|Win32
		{6CE350D7-57C1-45A4-A936-FF3DF9038BD8}.Release|Win32.ActiveCfg = Release|Win32
		{6CE350D7-57C1-45A4-A936-FF3DF9038BD8}.Release|Win32.Build.0 = Release|Win32
		{6CE350D7-57C1-45A4-A936-FF3DF9038BD8}.Release|x64.ActiveCfg = Release|x64
		{6CE350D7-57C1-45A4-A936-FF3DF9038BD8}.Release|x64.Build.0 = Release|x64
	EndGlobalSection
	GlobalSection(SolutionProperties) = preSolution
		HideSolutionNode = FALSE
	EndGlobalSection
	GlobalSection(ExtensibilityGlobals) = postSolution
		SolutionGuid = {F2925C62-A2C7-4C60-92D0-FB1A63AB7AB6}
	EndGlobalSection
EndGlobal
